// !$*UTF8*$!
{ archiveVersion = 1; classes = {}; objectVersion = 56; objects = {
000000000000000000000031 = { isa = PBXShellScriptBuildPhase; buildActionMask = 2147483647; files = (); inputPaths = ("$(SRCROOT)/IkkeGlem/fanfare.b64"); outputPaths = ("$(TARGET_BUILD_DIR)/$(UNLOCALIZED_RESOURCES_FOLDER_PATH)/ikke-glem-fanfare.wav"); name = "Bundle reminder fanfare"; runOnlyForDeploymentPostprocessing = 0; shellPath = /bin/sh; shellScript = "mkdir -p \"$TARGET_BUILD_DIR/$UNLOCALIZED_RESOURCES_FOLDER_PATH\"\n/usr/bin/base64 -D -i \"$SRCROOT/IkkeGlem/fanfare.b64\" -o \"$TARGET_BUILD_DIR/$UNLOCALIZED_RESOURCES_FOLDER_PATH/ikke-glem-fanfare.wav\"\n"; };

000000000000000000000020 = { isa = PBXFileReference; lastKnownFileType = folder.assetcatalog; path = Assets.xcassets; sourceTree = "<group>"; };
000000000000000000000021 = { isa = PBXBuildFile; fileRef = 000000000000000000000020; };

000000000000000000000001 = { isa = PBXProject; attributes = { LastUpgradeCheck = 1600; }; buildConfigurationList = 00000000000000000000000E; compatibilityVersion = "Xcode 14.0"; developmentRegion = nb; hasScannedForEncodings = 0; knownRegions = (nb, en, Base); mainGroup = 000000000000000000000002; productRefGroup = 000000000000000000000004; projectDirPath = ""; projectRoot = ""; targets = (000000000000000000000005); };
000000000000000000000002 = { isa = PBXGroup; children = (000000000000000000000003, 000000000000000000000004); sourceTree = "<group>"; };
000000000000000000000003 = { isa = PBXGroup; children = (00000000000000000000000A, 00000000000000000000000B, 000000000000000000000020, 000000000000000000000040); path = IkkeGlem; sourceTree = "<group>"; };
000000000000000000000004 = { isa = PBXGroup; children = (000000000000000000000006); name = Products; sourceTree = "<group>"; };
000000000000000000000005 = { isa = PBXNativeTarget; buildConfigurationList = 00000000000000000000000F; buildPhases = (000000000000000000000007, 000000000000000000000009, 000000000000000000000008, 000000000000000000000031); buildRules = (); dependencies = (); name = IkkeGlem; productName = IkkeGlem; productReference = 000000000000000000000006; productType = "com.apple.product-type.application"; };
000000000000000000000006 = { isa = PBXFileReference; explicitFileType = wrapper.application; includeInIndex = 0; path = IkkeGlem.app; sourceTree = BUILT_PRODUCTS_DIR; };
000000000000000000000007 = { isa = PBXSourcesBuildPhase; buildActionMask = 2147483647; files = (00000000000000000000000C, 00000000000000000000000D); runOnlyForDeploymentPostprocessing = 0; };
000000000000000000000008 = { isa = PBXResourcesBuildPhase; buildActionMask = 2147483647; files = (000000000000000000000021, 000000000000000000000041); runOnlyForDeploymentPostprocessing = 0; };
000000000000000000000009 = { isa = PBXFrameworksBuildPhase; buildActionMask = 2147483647; files = (); runOnlyForDeploymentPostprocessing = 0; };
00000000000000000000000A = { isa = PBXFileReference; lastKnownFileType = sourcecode.swift; path = IkkeGlemApp.swift; sourceTree = "<group>"; };
00000000000000000000000C = { isa = PBXBuildFile; fileRef = 00000000000000000000000A; };
00000000000000000000000B = { isa = PBXFileReference; lastKnownFileType = sourcecode.swift; path = NorwegianDateParser.swift; sourceTree = "<group>"; };
00000000000000000000000D = { isa = PBXBuildFile; fileRef = 00000000000000000000000B; };
00000000000000000000000E = { isa = XCConfigurationList; buildConfigurations = (000000000000000000000010, 000000000000000000000011); defaultConfigurationIsVisible = 0; defaultConfigurationName = Release; };
00000000000000000000000F = { isa = XCConfigurationList; buildConfigurations = (000000000000000000000012, 000000000000000000000013); defaultConfigurationIsVisible = 0; defaultConfigurationName = Release; };
000000000000000000000010 = { isa = XCBuildConfiguration; buildSettings = { CLANG_ENABLE_MODULES = YES; SDKROOT = iphoneos; IPHONEOS_DEPLOYMENT_TARGET = 16.0; }; name = Debug; };
000000000000000000000011 = { isa = XCBuildConfiguration; buildSettings = { CLANG_ENABLE_MODULES = YES; SDKROOT = iphoneos; IPHONEOS_DEPLOYMENT_TARGET = 16.0; }; name = Release; };
000000000000000000000012 = { isa = XCBuildConfiguration; buildSettings = { ASSETCATALOG_COMPILER_APPICON_NAME = AppIcon; CODE_SIGN_STYLE = Automatic; CURRENT_PROJECT_VERSION = 2; GENERATE_INFOPLIST_FILE = NO; INFOPLIST_FILE = IkkeGlem/Info.plist; MARKETING_VERSION = 1.0; PRODUCT_BUNDLE_IDENTIFIER = "com.marioproter.IkkeGlem"; PRODUCT_NAME = "$(TARGET_NAME)"; SWIFT_VERSION = 5.0; TARGETED_DEVICE_FAMILY = 1; IPHONEOS_DEPLOYMENT_TARGET = 16.0; SWIFT_EMIT_LOC_STRINGS = YES; SWIFT_OPTIMIZATION_LEVEL = "-Onone"; SWIFT_ACTIVE_COMPILATION_CONDITIONS = DEBUG; }; name = Debug; };
000000000000000000000013 = { isa = XCBuildConfiguration; buildSettings = { ASSETCATALOG_COMPILER_APPICON_NAME = AppIcon; DEBUG_INFORMATION_FORMAT = "dwarf-with-dsym"; VALIDATE_PRODUCT = YES; CODE_SIGN_STYLE = Automatic; CURRENT_PROJECT_VERSION = 2; GENERATE_INFOPLIST_FILE = NO; INFOPLIST_FILE = IkkeGlem/Info.plist; MARKETING_VERSION = 1.0; PRODUCT_BUNDLE_IDENTIFIER = "com.marioproter.IkkeGlem"; PRODUCT_NAME = "$(TARGET_NAME)"; SWIFT_VERSION = 5.0; TARGETED_DEVICE_FAMILY = 1; IPHONEOS_DEPLOYMENT_TARGET = 16.0; SWIFT_EMIT_LOC_STRINGS = YES; SWIFT_COMPILATION_MODE = wholemodule; }; name = Release; };
000000000000000000000040 = { isa = PBXFileReference; lastKnownFileType = text.xml; path = PrivacyInfo.xcprivacy; sourceTree = "<group>"; };
000000000000000000000041 = { isa = PBXBuildFile; fileRef = 000000000000000000000040; };
}; rootObject = 000000000000000000000001; }

